{
  "name": "bimagic",
  "version": "1.4.2",
  "lockfileVersion": 3,
  "requires": true,
  "packages": {
    "": {
      "name": "bimagic",
      "version": "1.4.2",
      "license": "MIT",
      "dependencies": {
        "bimagic": "^1.4.2"
      },
      "bin": {
        "bimagic": "bimagic",
        "wz": "bimagic"
      }
    },
    "node_modules/bimagic": {
      "version": "1.4.2",
      "resolved": "https://registry.npmjs.org/bimagic/-/bimagic-1.4.2.tgz",
      "integrity": "sha512-R+H1hbEpyGvqMUkvUdb18oktDPingShfrS87gpdAGOPoSPnQeVN5vwZyceiL/V7AGoPbUFUjll+q6GBNsOkmFw==",
      "license": "MIT",
      "bin": {
        "bimagic": "bimagic",
        "wz": "bimagic"
      }
    }
  }
}
